
Microsoft Visual Studio Solution File, Format Version 12.00
# Visual Studio Version 16
VisualStudioVersion = 16.0.31729.503
MinimumVisualStudioVersion = 10.0.40219.1
Project("{FAE04EC0-301F-11D3-BF4B-00C04F79EFBC}") = "Chess-console", "Chess-console\Chess-console.csproj", "{A5A576E5-5625-4B21-9A36-5A3D4F36E5A6}"
EndProject
Global
	GlobalSection(SolutionConfigurationPlatforms) = preSolution
		Debug|Any CPU = Debug|Any CPU
		Release|Any CPU = Release|Any CPU
	EndGlobalSection
	GlobalSection(ProjectConfigurationPlatforms) = postSolution
		{A5A576E5-5625-4B21-9A36-5A3D4F36E5A6}.Debug|Any CPU.ActiveCfg = Debug|Any CPU
		{A5A576E5-5625-4B21-9A36-5A3D4F36E5A6}.Debug|Any CPU.Build.0 = Debug|Any CPU
		{A5A576E5-5625-4B21-9A36-5A3D4F36E5A6}.Release|Any CPU.ActiveCfg = Release|Any CPU
		{A5A576E5-5625-4B21-9A36-5A3D4F36E5A6}.Release|Any CPU.Build.0 = Release|Any CPU
	EndGlobalSection
	GlobalSection(SolutionProperties) = preSolution
		HideSolutionNode = FALSE
	EndGlobalSection
	GlobalSection(ExtensibilityGlobals) = postSolution
		SolutionGuid = {75AF9100-FB15-40DE-8A5C-1CB87FAFFD5C}
	EndGlobalSection
EndGlobal
